
Microsoft Visual Studio Solution File, Format Version 12.00
# Visual Studio Version 17
VisualStudioVersion = 17.11.35431.28
MinimumVisualStudioVersion = 10.0.40219.1
Project("{F184B08F-C81C-45F6-A57F-5ABD9991F28F}") = "ConectarBBDD", "ConectarBBDD\ConectarBBDD.vbproj", "{2B3B7E97-E01B-40D6-BF01-27C4C8F39682}"
EndProject
Global
	GlobalSection(SolutionConfigurationPlatforms) = preSolution
		Debug|Any CPU = Debug|Any CPU
		Release|Any CPU = Release|Any CPU
	EndGlobalSection
	GlobalSection(ProjectConfigurationPlatforms) = postSolution
		{2B3B7E97-E01B-40D6-BF01-27C4C8F39682}.Debug|Any CPU.ActiveCfg = Debug|Any CPU
		{2B3B7E97-E01B-40D6-BF01-27C4C8F39682}.Debug|Any CPU.Build.0 = Debug|Any CPU
		{2B3B7E97-E01B-40D6-BF01-27C4C8F39682}.Release|Any CPU.ActiveCfg = Release|Any CPU
		{2B3B7E97-E01B-40D6-BF01-27C4C8F39682}.Release|Any CPU.Build.0 = Release|Any CPU
	EndGlobalSection
	GlobalSection(SolutionProperties) = preSolution
		HideSolutionNode = FALSE
	EndGlobalSection
	GlobalSection(ExtensibilityGlobals) = postSolution
		SolutionGuid = {743B1FD3-745E-4D42-A7A8-74B401B5591B}
	EndGlobalSection
EndGlobal
